
Microsoft Visual Studio Solution File, Format Version 12.00
# Visual Studio Version 17
VisualStudioVersion = 17.5.001.0
MinimumVisualStudioVersion = 10.0.40219.1
Project("{9A19103F-16F7-4668-BE54-9A1E7A4F7556}") = "CursoDeDesignPatterns", "CursoDeDesignPatterns.csproj", "{4116BCD3-B754-4AD2-9B74-3E5962E4D74C}"
EndProject
Global
	GlobalSection(SolutionConfigurationPlatforms) = preSolution
		Debug|Any CPU = Debug|Any CPU
		Release|Any CPU = Release|Any CPU
	EndGlobalSection
	GlobalSection(ProjectConfigurationPlatforms) = postSolution
		{4116BCD3-B754-4AD2-9B74-3E5962E4D74C}.Debug|Any CPU.ActiveCfg = Debug|Any CPU
		{4116BCD3-B754-4AD2-9B74-3E5962E4D74C}.Debug|Any CPU.Build.0 = Debug|Any CPU
		{4116BCD3-B754-4AD2-9B74-3E5962E4D74C}.Release|Any CPU.ActiveCfg = Release|Any CPU
		{4116BCD3-B754-4AD2-9B74-3E5962E4D74C}.Release|Any CPU.Build.0 = Release|Any CPU
	EndGlobalSection
	GlobalSection(SolutionProperties) = preSolution
		HideSolutionNode = FALSE
	EndGlobalSection
	GlobalSection(ExtensibilityGlobals) = postSolution
		SolutionGuid = {4C7F56D1-FE96-437A-8259-6FD31151D0FC}
	EndGlobalSection
EndGlobal
